
Microsoft Visual Studio Solution File, Format Version 12.00
# Visual Studio 15
Project("{FAE04EC0-301F-11D3-BF4B-00C04F79EFBC}") = "GameDesignPattern", "GameDesignPattern\GameDesignPattern.csproj", "{87D49FC5-93F2-4DE9-A2B4-E4A1E442D309}"
EndProject
Global
	GlobalSection(SolutionConfigurationPlatforms) = preSolution
		Debug|Any CPU = Debug|Any CPU
		Release|Any CPU = Release|Any CPU
	EndGlobalSection
	GlobalSection(ProjectConfigurationPlatforms) = postSolution
		{87D49FC5-93F2-4DE9-A2B4-E4A1E442D309}.Debug|Any CPU.ActiveCfg = Debug|Any CPU
		{87D49FC5-93F2-4DE9-A2B4-E4A1E442D309}.Debug|Any CPU.Build.0 = Debug|Any CPU
		{87D49FC5-93F2-4DE9-A2B4-E4A1E442D309}.Release|Any CPU.ActiveCfg = Release|Any CPU
		{87D49FC5-93F2-4DE9-A2B4-E4A1E442D309}.Release|Any CPU.Build.0 = Release|Any CPU
	EndGlobalSection
EndGlobal
